
Microsoft Visual Studio Solution File, Format Version 12.00
# Visual Studio Version 17
VisualStudioVersion = 17.10.35122.118
MinimumVisualStudioVersion = 10.0.40219.1
Project("{FAE04EC0-301F-11D3-BF4B-00C04F79EFBC}") = "CareMIAPI", "CareMIAPI\CareMIAPI.csproj", "{6D39A418-0532-426E-BF8A-735D4778DDCA}"
EndProject
Global
	GlobalSection(SolutionConfigurationPlatforms) = preSolution
		Debug|Any CPU = Debug|Any CPU
		Release|Any CPU = Release|Any CPU
	EndGlobalSection
	GlobalSection(ProjectConfigurationPlatforms) = postSolution
		{6D39A418-0532-426E-BF8A-735D4778DDCA}.Debug|Any CPU.ActiveCfg = Debug|Any CPU
		{6D39A418-0532-426E-BF8A-735D4778DDCA}.Debug|Any CPU.Build.0 = Debug|Any CPU
		{6D39A418-0532-426E-BF8A-735D4778DDCA}.Release|Any CPU.ActiveCfg = Release|Any CPU
		{6D39A418-0532-426E-BF8A-735D4778DDCA}.Release|Any CPU.Build.0 = Release|Any CPU
	EndGlobalSection
	GlobalSection(SolutionProperties) = preSolution
		HideSolutionNode = FALSE
	EndGlobalSection
	GlobalSection(ExtensibilityGlobals) = postSolution
		SolutionGuid = {B556C1EB-CFF2-4313-B03A-9CA2D74CACEF}
	EndGlobalSection
EndGlobal
